
Microsoft Visual Studio Solution File, Format Version 12.00
# Visual Studio Version 17
VisualStudioVersion = 17.5.33424.131
MinimumVisualStudioVersion = 10.0.40219.1
Project("{9A19103F-16F7-4668-BE54-9A1E7A4F7556}") = "GrupaDotNet.DI", "src\GrupaDotNet.DI\GrupaDotNet.DI.csproj", "{A7321AEB-8148-411D-B0D8-5D20BAB12700}"
EndProject
Project("{9A19103F-16F7-4668-BE54-9A1E7A4F7556}") = "DesktopApp.AutoFac", "src\DesktopApp.AutoFac\DesktopApp.AutoFac.csproj", "{747DDB08-7FA4-4E5C-B9A9-ECFA7FD9F66E}"
EndProject
Project("{9A19103F-16F7-4668-BE54-9A1E7A4F7556}") = "GrupaDotNet.API", "src\GrupaDotNet.API\GrupaDotNet.API.csproj", "{D5F7F8FB-69D4-4644-A2F8-D7654BBC78ED}"
EndProject
Project("{9A19103F-16F7-4668-BE54-9A1E7A4F7556}") = "GrupaDotNet.APINET5", "src\GrupaDotNet.APINET5\GrupaDotNet.APINET5.csproj", "{65721DCA-3B92-458E-8D70-5FA1ECFE8B69}"
EndProject
Project("{9A19103F-16F7-4668-BE54-9A1E7A4F7556}") = "GrupaDotNet.MinimalAPI", "src\GrupaDotNet.MinimalAPI\GrupaDotNet.MinimalAPI.csproj", "{1E23DA0D-01B5-4242-BD2F-5C6137E89F55}"
EndProject
Project("{2150E333-8FDC-42A3-9474-1A3956D46DE8}") = "Spotkanie_1", "Spotkanie_1", "{986B3A1C-D69B-4DD4-AEF8-793CDE4E21B1}"
EndProject
Project("{2150E333-8FDC-42A3-9474-1A3956D46DE8}") = "Spotkanie_2", "Spotkanie_2", "{3F99498B-39D3-4F58-9BF5-19C3B179DCEF}"
EndProject
Project("{2150E333-8FDC-42A3-9474-1A3956D46DE8}") = "Spotkanie_3", "Spotkanie_3", "{13626E58-B5B7-4A34-9ABE-5E4B9C6623D6}"
EndProject
Project("{9A19103F-16F7-4668-BE54-9A1E7A4F7556}") = "GrupaDotNet.CleanCode", "src\GrupaDotNet.CleanCode\GrupaDotNet.CleanCode.csproj", "{B0599577-99E1-45C0-A341-C3D27592371A}"
EndProject
Project("{2150E333-8FDC-42A3-9474-1A3956D46DE8}") = "Spotkanie_4", "Spotkanie_4", "{6F5DED24-1C73-4D44-BDBB-7BB019FE8600}"
EndProject
Project("{9A19103F-16F7-4668-BE54-9A1E7A4F7556}") = "GrupaDotNet.MVVM", "src\GrupaDotNet.MVVM\GrupaDotNet.MVVM.csproj", "{ACA39DC8-9F94-4A66-85AD-26A5250B0AD2}"
EndProject
Project("{9A19103F-16F7-4668-BE54-9A1E7A4F7556}") = "GrupaDotNet.Shared", "GrupaDotNet.Shared\GrupaDotNet.Shared.csproj", "{58D15D50-B540-45C4-9766-E8A323FCF888}"
EndProject
Project("{2150E333-8FDC-42A3-9474-1A3956D46DE8}") = "Spotkanie_5", "Spotkanie_5", "{F1FB7276-6E4F-4A34-833E-3A95268BB3C1}"
EndProject
Project("{9A19103F-16F7-4668-BE54-9A1E7A4F7556}") = "GrupaDotNet.ASP1", "GrupaDotNet.ASP1\GrupaDotNet.ASP1.csproj", "{EA143ADD-3C0E-49DA-A8C7-FE7C0C0E2F79}"
EndProject
Project("{2150E333-8FDC-42A3-9474-1A3956D46DE8}") = "Spotkanie_6", "Spotkanie_6", "{1237CF30-DBA4-4D15-8097-BCB1CCD1BBAA}"
EndProject
Project("{9A19103F-16F7-4668-BE54-9A1E7A4F7556}") = "GrupaDotNet.Spotkanie6", "GrupaDotNet.Spotkanie6\GrupaDotNet.Spotkanie6.csproj", "{58FCC932-2680-4C60-873D-E1EC0EC71C3D}"
EndProject
Project("{2150E333-8FDC-42A3-9474-1A3956D46DE8}") = "Spotkanie_7", "Spotkanie_7", "{1AB7A09F-7596-4DFB-BEE5-955D52F59803}"
EndProject
Project("{9A19103F-16F7-4668-BE54-9A1E7A4F7556}") = "GrupaDotNet.Auth", "GrupaDotNet.Auth\GrupaDotNet.Auth.csproj", "{DC8B2952-F381-4A6D-B3E9-89EB3FD962B6}"
EndProject
Project("{2150E333-8FDC-42A3-9474-1A3956D46DE8}") = "Spotkanie_8", "Spotkanie_8", "{22A6C4C2-AAF7-440F-8E8C-328DCAAF5DC2}"
EndProject
Project("{9A19103F-16F7-4668-BE54-9A1E7A4F7556}") = "GrupaDotNet.Seq", "GrupaDotNet.Seq\GrupaDotNet.Seq.csproj", "{6D717DC4-5143-419A-9347-40A8965F815A}"
EndProject
Project("{2150E333-8FDC-42A3-9474-1A3956D46DE8}") = "Spotkanie_9", "Spotkanie_9", "{E8DC9DAB-D2B2-4A1B-A0C4-64FEAA2CF349}"
EndProject
Project("{FAE04EC0-301F-11D3-BF4B-00C04F79EFBC}") = "GrupaDotNet.CQRS", "GrupaDotNet.CQRS\GrupaDotNet.CQRS.csproj", "{CD370A58-892F-4F80-9727-4FD478B9DE9E}"
EndProject
Project("{FAE04EC0-301F-11D3-BF4B-00C04F79EFBC}") = "GrupaDotNet.CQRS.Lib", "GrupaDotNet.CQRS.Lib\GrupaDotNet.CQRS.Lib.csproj", "{36FAF282-AB15-4C71-928F-6A604CA3BA2D}"
EndProject
Global
	GlobalSection(SolutionConfigurationPlatforms) = preSolution
		Debug|Any CPU = Debug|Any CPU
		Release|Any CPU = Release|Any CPU
	EndGlobalSection
	GlobalSection(ProjectConfigurationPlatforms) = postSolution
		{A7321AEB-8148-411D-B0D8-5D20BAB12700}.Debug|Any CPU.ActiveCfg = Debug|Any CPU
		{A7321AEB-8148-411D-B0D8-5D20BAB12700}.Debug|Any CPU.Build.0 = Debug|Any CPU
		{A7321AEB-8148-411D-B0D8-5D20BAB12700}.Release|Any CPU.ActiveCfg = Release|Any CPU
		{A7321AEB-8148-411D-B0D8-5D20BAB12700}.Release|Any CPU.Build.0 = Release|Any CPU
		{747DDB08-7FA4-4E5C-B9A9-ECFA7FD9F66E}.Debug|Any CPU.ActiveCfg = Debug|Any CPU
		{747DDB08-7FA4-4E5C-B9A9-ECFA7FD9F66E}.Debug|Any CPU.Build.0 = Debug|Any CPU
		{747DDB08-7FA4-4E5C-B9A9-ECFA7FD9F66E}.Release|Any CPU.ActiveCfg = Release|Any CPU
		{747DDB08-7FA4-4E5C-B9A9-ECFA7FD9F66E}.Release|Any CPU.Build.0 = Release|Any CPU
		{D5F7F8FB-69D4-4644-A2F8-D7654BBC78ED}.Debug|Any CPU.ActiveCfg = Debug|Any CPU
		{D5F7F8FB-69D4-4644-A2F8-D7654BBC78ED}.Debug|Any CPU.Build.0 = Debug|Any CPU
		{D5F7F8FB-69D4-4644-A2F8-D7654BBC78ED}.Release|Any CPU.ActiveCfg = Release|Any CPU
		{D5F7F8FB-69D4-4644-A2F8-D7654BBC78ED}.Release|Any CPU.Build.0 = Release|Any CPU
		{65721DCA-3B92-458E-8D70-5FA1ECFE8B69}.Debug|Any CPU.ActiveCfg = Debug|Any CPU
		{65721DCA-3B92-458E-8D70-5FA1ECFE8B69}.Debug|Any CPU.Build.0 = Debug|Any CPU
		{65721DCA-3B92-458E-8D70-5FA1ECFE8B69}.Release|Any CPU.ActiveCfg = Release|Any CPU
		{65721DCA-3B92-458E-8D70-5FA1ECFE8B69}.Release|Any CPU.Build.0 = Release|Any CPU
		{1E23DA0D-01B5-4242-BD2F-5C6137E89F55}.Debug|Any CPU.ActiveCfg = Debug|Any CPU
		{1E23DA0D-01B5-4242-BD2F-5C6137E89F55}.Debug|Any CPU.Build.0 = Debug|Any CPU
		{1E23DA0D-01B5-4242-BD2F-5C6137E89F55}.Release|Any CPU.ActiveCfg = Release|Any CPU
		{1E23DA0D-01B5-4242-BD2F-5C6137E89F55}.Release|Any CPU.Build.0 = Release|Any CPU
		{B0599577-99E1-45C0-A341-C3D27592371A}.Debug|Any CPU.ActiveCfg = Debug|Any CPU
		{B0599577-99E1-45C0-A341-C3D27592371A}.Debug|Any CPU.Build.0 = Debug|Any CPU
		{B0599577-99E1-45C0-A341-C3D27592371A}.Release|Any CPU.ActiveCfg = Release|Any CPU
		{B0599577-99E1-45C0-A341-C3D27592371A}.Release|Any CPU.Build.0 = Release|Any CPU
		{ACA39DC8-9F94-4A66-85AD-26A5250B0AD2}.Debug|Any CPU.ActiveCfg = Debug|Any CPU
		{ACA39DC8-9F94-4A66-85AD-26A5250B0AD2}.Debug|Any CPU.Build.0 = Debug|Any CPU
		{ACA39DC8-9F94-4A66-85AD-26A5250B0AD2}.Release|Any CPU.ActiveCfg = Release|Any CPU
		{ACA39DC8-9F94-4A66-85AD-26A5250B0AD2}.Release|Any CPU.Build.0 = Release|Any CPU
		{58D15D50-B540-45C4-9766-E8A323FCF888}.Debug|Any CPU.ActiveCfg = Debug|Any CPU
		{58D15D50-B540-45C4-9766-E8A323FCF888}.Debug|Any CPU.Build.0 = Debug|Any CPU
		{58D15D50-B540-45C4-9766-E8A323FCF888}.Release|Any CPU.ActiveCfg = Release|Any CPU
		{58D15D50-B540-45C4-9766-E8A323FCF888}.Release|Any CPU.Build.0 = Release|Any CPU
		{EA143ADD-3C0E-49DA-A8C7-FE7C0C0E2F79}.Debug|Any CPU.ActiveCfg = Debug|Any CPU
		{EA143ADD-3C0E-49DA-A8C7-FE7C0C0E2F79}.Debug|Any CPU.Build.0 = Debug|Any CPU
		{EA143ADD-3C0E-49DA-A8C7-FE7C0C0E2F79}.Release|Any CPU.ActiveCfg = Release|Any CPU
		{EA143ADD-3C0E-49DA-A8C7-FE7C0C0E2F79}.Release|Any CPU.Build.0 = Release|Any CPU
		{58FCC932-2680-4C60-873D-E1EC0EC71C3D}.Debug|Any CPU.ActiveCfg = Debug|Any CPU
		{58FCC932-2680-4C60-873D-E1EC0EC71C3D}.Debug|Any CPU.Build.0 = Debug|Any CPU
		{58FCC932-2680-4C60-873D-E1EC0EC71C3D}.Release|Any CPU.ActiveCfg = Release|Any CPU
		{58FCC932-2680-4C60-873D-E1EC0EC71C3D}.Release|Any CPU.Build.0 = Release|Any CPU
		{DC8B2952-F381-4A6D-B3E9-89EB3FD962B6}.Debug|Any CPU.ActiveCfg = Debug|Any CPU
		{DC8B2952-F381-4A6D-B3E9-89EB3FD962B6}.Debug|Any CPU.Build.0 = Debug|Any CPU
		{DC8B2952-F381-4A6D-B3E9-89EB3FD962B6}.Release|Any CPU.ActiveCfg = Release|Any CPU
		{DC8B2952-F381-4A6D-B3E9-89EB3FD962B6}.Release|Any CPU.Build.0 = Release|Any CPU
		{6D717DC4-5143-419A-9347-40A8965F815A}.Debug|Any CPU.ActiveCfg = Debug|Any CPU
		{6D717DC4-5143-419A-9347-40A8965F815A}.Debug|Any CPU.Build.0 = Debug|Any CPU
		{6D717DC4-5143-419A-9347-40A8965F815A}.Release|Any CPU.ActiveCfg = Release|Any CPU
		{6D717DC4-5143-419A-9347-40A8965F815A}.Release|Any CPU.Build.0 = Release|Any CPU
		{CD370A58-892F-4F80-9727-4FD478B9DE9E}.Debug|Any CPU.ActiveCfg = Debug|Any CPU
		{CD370A58-892F-4F80-9727-4FD478B9DE9E}.Debug|Any CPU.Build.0 = Debug|Any CPU
		{CD370A58-892F-4F80-9727-4FD478B9DE9E}.Release|Any CPU.ActiveCfg = Release|Any CPU
		{CD370A58-892F-4F80-9727-4FD478B9DE9E}.Release|Any CPU.Build.0 = Release|Any CPU
		{36FAF282-AB15-4C71-928F-6A604CA3BA2D}.Debug|Any CPU.ActiveCfg = Debug|Any CPU
		{36FAF282-AB15-4C71-928F-6A604CA3BA2D}.Debug|Any CPU.Build.0 = Debug|Any CPU
		{36FAF282-AB15-4C71-928F-6A604CA3BA2D}.Release|Any CPU.ActiveCfg = Release|Any CPU
		{36FAF282-AB15-4C71-928F-6A604CA3BA2D}.Release|Any CPU.Build.0 = Release|Any CPU
	EndGlobalSection
	GlobalSection(SolutionProperties) = preSolution
		HideSolutionNode = FALSE
	EndGlobalSection
	GlobalSection(NestedProjects) = preSolution
		{A7321AEB-8148-411D-B0D8-5D20BAB12700} = {986B3A1C-D69B-4DD4-AEF8-793CDE4E21B1}
		{747DDB08-7FA4-4E5C-B9A9-ECFA7FD9F66E} = {3F99498B-39D3-4F58-9BF5-19C3B179DCEF}
		{D5F7F8FB-69D4-4644-A2F8-D7654BBC78ED} = {3F99498B-39D3-4F58-9BF5-19C3B179DCEF}
		{65721DCA-3B92-458E-8D70-5FA1ECFE8B69} = {3F99498B-39D3-4F58-9BF5-19C3B179DCEF}
		{1E23DA0D-01B5-4242-BD2F-5C6137E89F55} = {3F99498B-39D3-4F58-9BF5-19C3B179DCEF}
		{B0599577-99E1-45C0-A341-C3D27592371A} = {13626E58-B5B7-4A34-9ABE-5E4B9C6623D6}
		{ACA39DC8-9F94-4A66-85AD-26A5250B0AD2} = {6F5DED24-1C73-4D44-BDBB-7BB019FE8600}
		{58D15D50-B540-45C4-9766-E8A323FCF888} = {6F5DED24-1C73-4D44-BDBB-7BB019FE8600}
		{EA143ADD-3C0E-49DA-A8C7-FE7C0C0E2F79} = {F1FB7276-6E4F-4A34-833E-3A95268BB3C1}
		{58FCC932-2680-4C60-873D-E1EC0EC71C3D} = {1237CF30-DBA4-4D15-8097-BCB1CCD1BBAA}
		{DC8B2952-F381-4A6D-B3E9-89EB3FD962B6} = {1AB7A09F-7596-4DFB-BEE5-955D52F59803}
		{6D717DC4-5143-419A-9347-40A8965F815A} = {22A6C4C2-AAF7-440F-8E8C-328DCAAF5DC2}
		{CD370A58-892F-4F80-9727-4FD478B9DE9E} = {E8DC9DAB-D2B2-4A1B-A0C4-64FEAA2CF349}
		{36FAF282-AB15-4C71-928F-6A604CA3BA2D} = {E8DC9DAB-D2B2-4A1B-A0C4-64FEAA2CF349}
	EndGlobalSection
	GlobalSection(ExtensibilityGlobals) = postSolution
		SolutionGuid = {1FEE0957-1140-4B2E-8013-74D3C66B8BC7}
	EndGlobalSection
EndGlobal
