
Microsoft Visual Studio Solution File, Format Version 12.00
Project("{FAE04EC0-301F-11D3-BF4B-00C04F79EFBC}") = "GrupaDotNet.DI", "src\GrupaDotNet.DI\GrupaDotNet.DI.csproj", "{A7321AEB-8148-411D-B0D8-5D20BAB12700}"
EndProject
Global
	GlobalSection(SolutionConfigurationPlatforms) = preSolution
		Debug|Any CPU = Debug|Any CPU
		Release|Any CPU = Release|Any CPU
	EndGlobalSection
	GlobalSection(ProjectConfigurationPlatforms) = postSolution
		{A7321AEB-8148-411D-B0D8-5D20BAB12700}.Debug|Any CPU.ActiveCfg = Debug|Any CPU
		{A7321AEB-8148-411D-B0D8-5D20BAB12700}.Debug|Any CPU.Build.0 = Debug|Any CPU
		{A7321AEB-8148-411D-B0D8-5D20BAB12700}.Release|Any CPU.ActiveCfg = Release|Any CPU
		{A7321AEB-8148-411D-B0D8-5D20BAB12700}.Release|Any CPU.Build.0 = Release|Any CPU
	EndGlobalSection
EndGlobal
